
Microsoft Visual Studio Solution File, Format Version 12.00
# Visual Studio 15
VisualStudioVersion = 15.0.27130.2010
MinimumVisualStudioVersion = 10.0.40219.1
Project("{9A19103F-16F7-4668-BE54-9A1E7A4F7556}") = "ImageSPA", "ImageSPA.csproj", "{6B860AE7-992A-48DE-972A-437DE8AE323F}"
EndProject
Project("{9A19103F-16F7-4668-BE54-9A1E7A4F7556}") = "SimpleImageGallery.Data", "..\SimpleImageGallery.Data\SimpleImageGallery.Data.csproj", "{B7E18333-D077-4AFF-8BE2-01EBD2E2BC9F}"
EndProject
Global
	GlobalSection(SolutionConfigurationPlatforms) = preSolution
		Debug|Any CPU = Debug|Any CPU
		Release|Any CPU = Release|Any CPU
	EndGlobalSection
	GlobalSection(ProjectConfigurationPlatforms) = postSolution
		{6B860AE7-992A-48DE-972A-437DE8AE323F}.Debug|Any CPU.ActiveCfg = Debug|Any CPU
		{6B860AE7-992A-48DE-972A-437DE8AE323F}.Debug|Any CPU.Build.0 = Debug|Any CPU
		{6B860AE7-992A-48DE-972A-437DE8AE323F}.Release|Any CPU.ActiveCfg = Release|Any CPU
		{6B860AE7-992A-48DE-972A-437DE8AE323F}.Release|Any CPU.Build.0 = Release|Any CPU
		{B7E18333-D077-4AFF-8BE2-01EBD2E2BC9F}.Debug|Any CPU.ActiveCfg = Debug|Any CPU
		{B7E18333-D077-4AFF-8BE2-01EBD2E2BC9F}.Debug|Any CPU.Build.0 = Debug|Any CPU
		{B7E18333-D077-4AFF-8BE2-01EBD2E2BC9F}.Release|Any CPU.ActiveCfg = Release|Any CPU
		{B7E18333-D077-4AFF-8BE2-01EBD2E2BC9F}.Release|Any CPU.Build.0 = Release|Any CPU
	EndGlobalSection
	GlobalSection(SolutionProperties) = preSolution
		HideSolutionNode = FALSE
	EndGlobalSection
	GlobalSection(ExtensibilityGlobals) = postSolution
		SolutionGuid = {8177862B-7BCE-4443-A13D-DE69C7DBDF5B}
	EndGlobalSection
EndGlobal
